
Microsoft Visual Studio Solution File, Format Version 12.00
# Visual Studio 15
VisualStudioVersion = 15.0.28307.489
MinimumVisualStudioVersion = 10.0.40219.1
Project("{FAE04EC0-301F-11D3-BF4B-00C04F79EFBC}") = "WebApplication1", "src\WebApplication1\WebApplication1.csproj", "{B74DEE39-BB7F-4DB8-A179-81199B0301AB}"
EndProject
Global
	GlobalSection(SolutionConfigurationPlatforms) = preSolution
		Debug|Any CPU = Debug|Any CPU
		Release|Any CPU = Release|Any CPU
	EndGlobalSection
	GlobalSection(ProjectConfigurationPlatforms) = postSolution
		{B74DEE39-BB7F-4DB8-A179-81199B0301AB}.Debug|Any CPU.ActiveCfg = Debug|Any CPU
		{B74DEE39-BB7F-4DB8-A179-81199B0301AB}.Debug|Any CPU.Build.0 = Debug|Any CPU
		{B74DEE39-BB7F-4DB8-A179-81199B0301AB}.Release|Any CPU.ActiveCfg = Release|Any CPU
		{B74DEE39-BB7F-4DB8-A179-81199B0301AB}.Release|Any CPU.Build.0 = Release|Any CPU
	EndGlobalSection
	GlobalSection(SolutionProperties) = preSolution
		HideSolutionNode = FALSE
	EndGlobalSection
	GlobalSection(ExtensibilityGlobals) = postSolution
		SolutionGuid = {04F42C53-5D2C-4B58-92D7-C95A034DB478}
	EndGlobalSection
EndGlobal
